
Microsoft Visual Studio Solution File, Format Version 12.00
# Visual Studio Version 17
VisualStudioVersion = 17.3.32929.385
MinimumVisualStudioVersion = 10.0.40219.1
Project("{9A19103F-16F7-4668-BE54-9A1E7A4F7556}") = "AlexanderLoftus_CodingAssessment", "AlexanderLoftus_CodingAssessment.csproj", "{DBE0F1E4-EE18-4E1D-A0DD-681E8F5106A4}"
EndProject
Project("{FAE04EC0-301F-11D3-BF4B-00C04F79EFBC}") = "AlexanderLoftus_CodingAssessmentNUnitTests", "..\AlexanderLoftus_CodingAssessmentNUnitTests\AlexanderLoftus_CodingAssessmentNUnitTests.csproj", "{60A4560D-74B6-4F10-9A22-8EB0E6C283AE}"
EndProject
Global
	GlobalSection(SolutionConfigurationPlatforms) = preSolution
		Debug|Any CPU = Debug|Any CPU
		Release|Any CPU = Release|Any CPU
	EndGlobalSection
	GlobalSection(ProjectConfigurationPlatforms) = postSolution
		{DBE0F1E4-EE18-4E1D-A0DD-681E8F5106A4}.Debug|Any CPU.ActiveCfg = Debug|Any CPU
		{DBE0F1E4-EE18-4E1D-A0DD-681E8F5106A4}.Debug|Any CPU.Build.0 = Debug|Any CPU
		{DBE0F1E4-EE18-4E1D-A0DD-681E8F5106A4}.Release|Any CPU.ActiveCfg = Release|Any CPU
		{DBE0F1E4-EE18-4E1D-A0DD-681E8F5106A4}.Release|Any CPU.Build.0 = Release|Any CPU
		{60A4560D-74B6-4F10-9A22-8EB0E6C283AE}.Debug|Any CPU.ActiveCfg = Debug|Any CPU
		{60A4560D-74B6-4F10-9A22-8EB0E6C283AE}.Debug|Any CPU.Build.0 = Debug|Any CPU
		{60A4560D-74B6-4F10-9A22-8EB0E6C283AE}.Release|Any CPU.ActiveCfg = Release|Any CPU
		{60A4560D-74B6-4F10-9A22-8EB0E6C283AE}.Release|Any CPU.Build.0 = Release|Any CPU
	EndGlobalSection
	GlobalSection(SolutionProperties) = preSolution
		HideSolutionNode = FALSE
	EndGlobalSection
	GlobalSection(ExtensibilityGlobals) = postSolution
		SolutionGuid = {4B94FD2C-95BB-4BE8-A627-E48753F7A176}
	EndGlobalSection
EndGlobal
